
Microsoft Visual Studio Solution File, Format Version 12.00
# Visual Studio Version 17
VisualStudioVersion = 17.6.33712.159
MinimumVisualStudioVersion = 10.0.40219.1
Project("{9A19103F-16F7-4668-BE54-9A1E7A4F7556}") = "AutomaticEasyCQRS", "AutomaticEasyCQRS\AutomaticEasyCQRS.csproj", "{7F1BE242-3599-4ED9-99F1-CD472A7B50DC}"
EndProject
Project("{FAE04EC0-301F-11D3-BF4B-00C04F79EFBC}") = "AutomaticEasyCQRS.NetFramework", "AutomaticEasyCQRS.NetFramework\AutomaticEasyCQRS.NetFramework.csproj", "{E5CCFBE6-3756-4592-8075-E98E7069958F}"
EndProject
Global
	GlobalSection(SolutionConfigurationPlatforms) = preSolution
		Debug|Any CPU = Debug|Any CPU
		Release|Any CPU = Release|Any CPU
	EndGlobalSection
	GlobalSection(ProjectConfigurationPlatforms) = postSolution
		{7F1BE242-3599-4ED9-99F1-CD472A7B50DC}.Debug|Any CPU.ActiveCfg = Debug|Any CPU
		{7F1BE242-3599-4ED9-99F1-CD472A7B50DC}.Debug|Any CPU.Build.0 = Debug|Any CPU
		{7F1BE242-3599-4ED9-99F1-CD472A7B50DC}.Release|Any CPU.ActiveCfg = Release|Any CPU
		{7F1BE242-3599-4ED9-99F1-CD472A7B50DC}.Release|Any CPU.Build.0 = Release|Any CPU
		{E5CCFBE6-3756-4592-8075-E98E7069958F}.Debug|Any CPU.ActiveCfg = Debug|Any CPU
		{E5CCFBE6-3756-4592-8075-E98E7069958F}.Debug|Any CPU.Build.0 = Debug|Any CPU
		{E5CCFBE6-3756-4592-8075-E98E7069958F}.Release|Any CPU.ActiveCfg = Release|Any CPU
		{E5CCFBE6-3756-4592-8075-E98E7069958F}.Release|Any CPU.Build.0 = Release|Any CPU
	EndGlobalSection
	GlobalSection(SolutionProperties) = preSolution
		HideSolutionNode = FALSE
	EndGlobalSection
	GlobalSection(ExtensibilityGlobals) = postSolution
		SolutionGuid = {E68CC7DB-9696-41FC-AC6C-2AD92E675866}
	EndGlobalSection
EndGlobal
