
Microsoft Visual Studio Solution File, Format Version 12.00
# Visual Studio Version 17
VisualStudioVersion = 17.6.33712.159
MinimumVisualStudioVersion = 10.0.40219.1
Project("{9A19103F-16F7-4668-BE54-9A1E7A4F7556}") = "AutomaticEasyCQRS", "EasyCqrs.Orquestror\AutomaticEasyCQRS.csproj", "{21CCF3EA-4A51-47A8-9181-82E7D56F2EBF}"
EndProject
Global
	GlobalSection(SolutionConfigurationPlatforms) = preSolution
		Debug|Any CPU = Debug|Any CPU
		Release|Any CPU = Release|Any CPU
	EndGlobalSection
	GlobalSection(ProjectConfigurationPlatforms) = postSolution
		{21CCF3EA-4A51-47A8-9181-82E7D56F2EBF}.Debug|Any CPU.ActiveCfg = Debug|Any CPU
		{21CCF3EA-4A51-47A8-9181-82E7D56F2EBF}.Debug|Any CPU.Build.0 = Debug|Any CPU
		{21CCF3EA-4A51-47A8-9181-82E7D56F2EBF}.Release|Any CPU.ActiveCfg = Release|Any CPU
		{21CCF3EA-4A51-47A8-9181-82E7D56F2EBF}.Release|Any CPU.Build.0 = Release|Any CPU
	EndGlobalSection
	GlobalSection(SolutionProperties) = preSolution
		HideSolutionNode = FALSE
	EndGlobalSection
	GlobalSection(ExtensibilityGlobals) = postSolution
		SolutionGuid = {E68CC7DB-9696-41FC-AC6C-2AD92E675866}
	EndGlobalSection
EndGlobal
